
Microsoft Visual Studio Solution File, Format Version 12.00
# Visual Studio Version 17
VisualStudioVersion = 17.5.002.0
MinimumVisualStudioVersion = 10.0.40219.1
Project("{9A19103F-16F7-4668-BE54-9A1E7A4F7556}") = "B3.Desafio.Sinacor", "B3.Desafio.Sinacor.csproj", "{C06C4D67-7C2A-401E-B410-92D8AD8A192C}"
EndProject
Global
	GlobalSection(SolutionConfigurationPlatforms) = preSolution
		Debug|Any CPU = Debug|Any CPU
		Release|Any CPU = Release|Any CPU
	EndGlobalSection
	GlobalSection(ProjectConfigurationPlatforms) = postSolution
		{C06C4D67-7C2A-401E-B410-92D8AD8A192C}.Debug|Any CPU.ActiveCfg = Debug|Any CPU
		{C06C4D67-7C2A-401E-B410-92D8AD8A192C}.Debug|Any CPU.Build.0 = Debug|Any CPU
		{C06C4D67-7C2A-401E-B410-92D8AD8A192C}.Release|Any CPU.ActiveCfg = Release|Any CPU
		{C06C4D67-7C2A-401E-B410-92D8AD8A192C}.Release|Any CPU.Build.0 = Release|Any CPU
	EndGlobalSection
	GlobalSection(SolutionProperties) = preSolution
		HideSolutionNode = FALSE
	EndGlobalSection
	GlobalSection(ExtensibilityGlobals) = postSolution
		SolutionGuid = {CEBE0A1F-2B07-4E20-B4A7-EA4EF52FB682}
	EndGlobalSection
EndGlobal
