
Microsoft Visual Studio Solution File, Format Version 12.00
# Visual Studio Version 17
VisualStudioVersion = 17.5.002.0
MinimumVisualStudioVersion = 10.0.40219.1
Project("{2150E333-8FDC-42A3-9474-1A3956D46DE8}") = "back", "back", "{D385FD7C-B178-4DCD-A51D-28E01278943C}"
EndProject
Project("{9A19103F-16F7-4668-BE54-9A1E7A4F7556}") = "B3.Desafio.Sinacor", "back\B3.Desafio.Sinacor\B3.Desafio.Sinacor.csproj", "{40EA4011-200D-4FC5-9892-A11524D35E20}"
EndProject
Global
	GlobalSection(SolutionConfigurationPlatforms) = preSolution
		Debug|Any CPU = Debug|Any CPU
		Release|Any CPU = Release|Any CPU
	EndGlobalSection
	GlobalSection(ProjectConfigurationPlatforms) = postSolution
		{40EA4011-200D-4FC5-9892-A11524D35E20}.Debug|Any CPU.ActiveCfg = Debug|Any CPU
		{40EA4011-200D-4FC5-9892-A11524D35E20}.Debug|Any CPU.Build.0 = Debug|Any CPU
		{40EA4011-200D-4FC5-9892-A11524D35E20}.Release|Any CPU.ActiveCfg = Release|Any CPU
		{40EA4011-200D-4FC5-9892-A11524D35E20}.Release|Any CPU.Build.0 = Release|Any CPU
	EndGlobalSection
	GlobalSection(SolutionProperties) = preSolution
		HideSolutionNode = FALSE
	EndGlobalSection
	GlobalSection(NestedProjects) = preSolution
		{40EA4011-200D-4FC5-9892-A11524D35E20} = {D385FD7C-B178-4DCD-A51D-28E01278943C}
	EndGlobalSection
	GlobalSection(ExtensibilityGlobals) = postSolution
		SolutionGuid = {94F91104-B56A-48CD-99D3-DE789106002F}
	EndGlobalSection
EndGlobal
